
Microsoft Visual Studio Solution File, Format Version 12.00
# Visual Studio Version 17
VisualStudioVersion = 17.7.34018.315
MinimumVisualStudioVersion = 10.0.40219.1
Project("{9A19103F-16F7-4668-BE54-9A1E7A4F7556}") = "BulkyWeb", "BulkyWeb\BulkyWeb.csproj", "{7B6C5E4D-94AB-42AC-9C5B-B7C9C155F5D0}"
EndProject
Project("{9A19103F-16F7-4668-BE54-9A1E7A4F7556}") = "BulkWebRazor_Temp", "BulkWebRazor_Temp\BulkWebRazor_Temp.csproj", "{B346C7A9-9090-4F65-8860-2940F54A0527}"
EndProject
Project("{FAE04EC0-301F-11D3-BF4B-00C04F79EFBC}") = "BulkyWebRazor_Temp", "BulkyWebRazor_Temp\BulkyWebRazor_Temp.csproj", "{6754A96F-759F-4149-9E3B-5DF1E7BEB2A8}"
EndProject
Global
	GlobalSection(SolutionConfigurationPlatforms) = preSolution
		Debug|Any CPU = Debug|Any CPU
		Release|Any CPU = Release|Any CPU
	EndGlobalSection
	GlobalSection(ProjectConfigurationPlatforms) = postSolution
		{7B6C5E4D-94AB-42AC-9C5B-B7C9C155F5D0}.Debug|Any CPU.ActiveCfg = Debug|Any CPU
		{7B6C5E4D-94AB-42AC-9C5B-B7C9C155F5D0}.Debug|Any CPU.Build.0 = Debug|Any CPU
		{7B6C5E4D-94AB-42AC-9C5B-B7C9C155F5D0}.Release|Any CPU.ActiveCfg = Release|Any CPU
		{7B6C5E4D-94AB-42AC-9C5B-B7C9C155F5D0}.Release|Any CPU.Build.0 = Release|Any CPU
		{B346C7A9-9090-4F65-8860-2940F54A0527}.Debug|Any CPU.ActiveCfg = Debug|Any CPU
		{B346C7A9-9090-4F65-8860-2940F54A0527}.Debug|Any CPU.Build.0 = Debug|Any CPU
		{B346C7A9-9090-4F65-8860-2940F54A0527}.Release|Any CPU.ActiveCfg = Release|Any CPU
		{B346C7A9-9090-4F65-8860-2940F54A0527}.Release|Any CPU.Build.0 = Release|Any CPU
		{6754A96F-759F-4149-9E3B-5DF1E7BEB2A8}.Debug|Any CPU.ActiveCfg = Debug|Any CPU
		{6754A96F-759F-4149-9E3B-5DF1E7BEB2A8}.Debug|Any CPU.Build.0 = Debug|Any CPU
		{6754A96F-759F-4149-9E3B-5DF1E7BEB2A8}.Release|Any CPU.ActiveCfg = Release|Any CPU
		{6754A96F-759F-4149-9E3B-5DF1E7BEB2A8}.Release|Any CPU.Build.0 = Release|Any CPU
	EndGlobalSection
	GlobalSection(SolutionProperties) = preSolution
		HideSolutionNode = FALSE
	EndGlobalSection
	GlobalSection(ExtensibilityGlobals) = postSolution
		SolutionGuid = {70BD70FE-7607-4E66-8D13-62DBDC1ACBC4}
	EndGlobalSection
EndGlobal
