
Microsoft Visual Studio Solution File, Format Version 12.00
# Visual Studio Version 17
VisualStudioVersion = 17.7.34018.315
MinimumVisualStudioVersion = 10.0.40219.1
Project("{9A19103F-16F7-4668-BE54-9A1E7A4F7556}") = "BulkyWeb", "BulkyWeb\BulkyWeb.csproj", "{7B6C5E4D-94AB-42AC-9C5B-B7C9C155F5D0}"
EndProject
Project("{FAE04EC0-301F-11D3-BF4B-00C04F79EFBC}") = "Bulky.DataAccess", "Bulky.DataAccess\Bulky.DataAccess.csproj", "{35DD42D7-C200-44EC-9258-4BEC97F99A5B}"
EndProject
Project("{FAE04EC0-301F-11D3-BF4B-00C04F79EFBC}") = "Bulky.Models", "Bulky.Models\Bulky.Models.csproj", "{2D0E1E23-9B82-4EBA-B740-C5B0777E93DC}"
EndProject
Project("{FAE04EC0-301F-11D3-BF4B-00C04F79EFBC}") = "Bulky.Utility", "Bulky.Utility\Bulky.Utility.csproj", "{6F628B75-A37B-4F4B-9619-BB53ECAB0216}"
EndProject
Global
	GlobalSection(SolutionConfigurationPlatforms) = preSolution
		Debug|Any CPU = Debug|Any CPU
		Release|Any CPU = Release|Any CPU
	EndGlobalSection
	GlobalSection(ProjectConfigurationPlatforms) = postSolution
		{7B6C5E4D-94AB-42AC-9C5B-B7C9C155F5D0}.Debug|Any CPU.ActiveCfg = Debug|Any CPU
		{7B6C5E4D-94AB-42AC-9C5B-B7C9C155F5D0}.Debug|Any CPU.Build.0 = Debug|Any CPU
		{7B6C5E4D-94AB-42AC-9C5B-B7C9C155F5D0}.Release|Any CPU.ActiveCfg = Release|Any CPU
		{7B6C5E4D-94AB-42AC-9C5B-B7C9C155F5D0}.Release|Any CPU.Build.0 = Release|Any CPU
		{35DD42D7-C200-44EC-9258-4BEC97F99A5B}.Debug|Any CPU.ActiveCfg = Debug|Any CPU
		{35DD42D7-C200-44EC-9258-4BEC97F99A5B}.Debug|Any CPU.Build.0 = Debug|Any CPU
		{35DD42D7-C200-44EC-9258-4BEC97F99A5B}.Release|Any CPU.ActiveCfg = Release|Any CPU
		{35DD42D7-C200-44EC-9258-4BEC97F99A5B}.Release|Any CPU.Build.0 = Release|Any CPU
		{2D0E1E23-9B82-4EBA-B740-C5B0777E93DC}.Debug|Any CPU.ActiveCfg = Debug|Any CPU
		{2D0E1E23-9B82-4EBA-B740-C5B0777E93DC}.Debug|Any CPU.Build.0 = Debug|Any CPU
		{2D0E1E23-9B82-4EBA-B740-C5B0777E93DC}.Release|Any CPU.ActiveCfg = Release|Any CPU
		{2D0E1E23-9B82-4EBA-B740-C5B0777E93DC}.Release|Any CPU.Build.0 = Release|Any CPU
		{6F628B75-A37B-4F4B-9619-BB53ECAB0216}.Debug|Any CPU.ActiveCfg = Debug|Any CPU
		{6F628B75-A37B-4F4B-9619-BB53ECAB0216}.Debug|Any CPU.Build.0 = Debug|Any CPU
		{6F628B75-A37B-4F4B-9619-BB53ECAB0216}.Release|Any CPU.ActiveCfg = Release|Any CPU
		{6F628B75-A37B-4F4B-9619-BB53ECAB0216}.Release|Any CPU.Build.0 = Release|Any CPU
	EndGlobalSection
	GlobalSection(SolutionProperties) = preSolution
		HideSolutionNode = FALSE
	EndGlobalSection
	GlobalSection(ExtensibilityGlobals) = postSolution
		SolutionGuid = {70BD70FE-7607-4E66-8D13-62DBDC1ACBC4}
	EndGlobalSection
EndGlobal
